// !$*UTF8*$!
{
	archiveVersion = 1;
	classes = {
	};
	objectVersion = 56;
	objects = {

/* Begin PBXBuildFile section */
		FA11DDEF2A9A7DC0006ADB29 /* FavoritesViewController.swift in Sources */ = {isa = PBXBuildFile; fileRef = FA11DDEE2A9A7DC0006ADB29 /* FavoritesViewController.swift */; };
		FA15F5E62AA8E0D800568BB9 /* TestView.swift in Sources */ = {isa = PBXBuildFile; fileRef = FA15F5E52AA8E0D800568BB9 /* TestView.swift */; };
		FA577AD32AA315D800E86D23 /* ReactiveSwift in Frameworks */ = {isa = PBXBuildFile; productRef = FA577AD22AA315D800E86D23 /* ReactiveSwift */; };
		FA65A0142A80118300D7900E /* GridProjectApp.swift in Sources */ = {isa = PBXBuildFile; fileRef = FA65A0132A80118300D7900E /* GridProjectApp.swift */; };
		FA65A0162A80118300D7900E /* DashBoardViewController.swift in Sources */ = {isa = PBXBuildFile; fileRef = FA65A0152A80118300D7900E /* DashBoardViewController.swift */; };
		FA65A0182A80118400D7900E /* Assets.xcassets in Resources */ = {isa = PBXBuildFile; fileRef = FA65A0172A80118400D7900E /* Assets.xcassets */; };
		FA65A01B2A80118400D7900E /* Preview Assets.xcassets in Resources */ = {isa = PBXBuildFile; fileRef = FA65A01A2A80118400D7900E /* Preview Assets.xcassets */; };
		FAFF2C902A9B7DC4008C2CC3 /* ListViewController.swift in Sources */ = {isa = PBXBuildFile; fileRef = FAFF2C8F2A9B7DC4008C2CC3 /* ListViewController.swift */; };
		FAFF2C922A9BCA79008C2CC3 /* DetailViewController.swift in Sources */ = {isa = PBXBuildFile; fileRef = FAFF2C912A9BCA79008C2CC3 /* DetailViewController.swift */; };
		FAFF30822AA10D460085B7FC /* ImageDownloader.swift in Sources */ = {isa = PBXBuildFile; fileRef = FAFF30812AA10D460085B7FC /* ImageDownloader.swift */; };
/* End PBXBuildFile section */

/* Begin PBXFileReference section */
		FA11DDEE2A9A7DC0006ADB29 /* FavoritesViewController.swift */ = {isa = PBXFileReference; lastKnownFileType = sourcecode.swift; path = FavoritesViewController.swift; sourceTree = "<group>"; };
		FA15F5E52AA8E0D800568BB9 /* TestView.swift */ = {isa = PBXFileReference; lastKnownFileType = sourcecode.swift; path = TestView.swift; sourceTree = "<group>"; };
		FA65A0102A80118300D7900E /* GridProject.app */ = {isa = PBXFileReference; explicitFileType = wrapper.application; includeInIndex = 0; path = GridProject.app; sourceTree = BUILT_PRODUCTS_DIR; };
		FA65A0132A80118300D7900E /* GridProjectApp.swift */ = {isa = PBXFileReference; lastKnownFileType = sourcecode.swift; path = GridProjectApp.swift; sourceTree = "<group>"; };
		FA65A0152A80118300D7900E /* DashBoardViewController.swift */ = {isa = PBXFileReference; lastKnownFileType = sourcecode.swift; path = DashBoardViewController.swift; sourceTree = "<group>"; };
		FA65A0172A80118400D7900E /* Assets.xcassets */ = {isa = PBXFileReference; lastKnownFileType = folder.assetcatalog; path = Assets.xcassets; sourceTree = "<group>"; };
		FA65A01A2A80118400D7900E /* Preview Assets.xcassets */ = {isa = PBXFileReference; lastKnownFileType = folder.assetcatalog; path = "Preview Assets.xcassets"; sourceTree = "<group>"; };
		FAFF2C8F2A9B7DC4008C2CC3 /* ListViewController.swift */ = {isa = PBXFileReference; lastKnownFileType = sourcecode.swift; path = ListViewController.swift; sourceTree = "<group>"; };
		FAFF2C912A9BCA79008C2CC3 /* DetailViewController.swift */ = {isa = PBXFileReference; lastKnownFileType = sourcecode.swift; path = DetailViewController.swift; sourceTree = "<group>"; };
		FAFF30812AA10D460085B7FC /* ImageDownloader.swift */ = {isa = PBXFileReference; lastKnownFileType = sourcecode.swift; path = ImageDownloader.swift; sourceTree = "<group>"; };
/* End PBXFileReference section */

/* Begin PBXFrameworksBuildPhase section */
		FA65A00D2A80118300D7900E /* Frameworks */ = {
			isa = PBXFrameworksBuildPhase;
			buildActionMask = 2147483647;
			files = (
				FA577AD32AA315D800E86D23 /* ReactiveSwift in Frameworks */,
			);
			runOnlyForDeploymentPostprocessing = 0;
		};
/* End PBXFrameworksBuildPhase section */

/* Begin PBXGroup section */
		FA65A0072A80118300D7900E = {
			isa = PBXGroup;
			children = (
				FA65A0122A80118300D7900E /* GridProject */,
				FA65A0112A80118300D7900E /* Products */,
			);
			sourceTree = "<group>";
		};
		FA65A0112A80118300D7900E /* Products */ = {
			isa = PBXGroup;
			children = (
				FA65A0102A80118300D7900E /* GridProject.app */,
			);
			name = Products;
			sourceTree = "<group>";
		};
		FA65A0122A80118300D7900E /* GridProject */ = {
			isa = PBXGroup;
			children = (
				FA65A0132A80118300D7900E /* GridProjectApp.swift */,
				FA65A0152A80118300D7900E /* DashBoardViewController.swift */,
				FA11DDEE2A9A7DC0006ADB29 /* FavoritesViewController.swift */,
				FAFF2C8F2A9B7DC4008C2CC3 /* ListViewController.swift */,
				FAFF2C912A9BCA79008C2CC3 /* DetailViewController.swift */,
				FA15F5E52AA8E0D800568BB9 /* TestView.swift */,
				FA65A0172A80118400D7900E /* Assets.xcassets */,
				FA65A0192A80118400D7900E /* Preview Content */,
				FAFF30812AA10D460085B7FC /* ImageDownloader.swift */,
			);
			path = GridProject;
			sourceTree = "<group>";
		};
		FA65A0192A80118400D7900E /* Preview Content */ = {
			isa = PBXGroup;
			children = (
				FA65A01A2A80118400D7900E /* Preview Assets.xcassets */,
			);
			path = "Preview Content";
			sourceTree = "<group>";
		};
/* End PBXGroup section */

/* Begin PBXNativeTarget section */
		FA65A00F2A80118300D7900E /* GridProject */ = {
			isa = PBXNativeTarget;
			buildConfigurationList = FA65A01E2A80118400D7900E /* Build configuration list for PBXNativeTarget "GridProject" */;
			buildPhases = (
				FA65A00C2A80118300D7900E /* Sources */,
				FA65A00D2A80118300D7900E /* Frameworks */,
				FA65A00E2A80118300D7900E /* Resources */,
			);
			buildRules = (
			);
			dependencies = (
			);
			name = GridProject;
			packageProductDependencies = (
				FA577AD22AA315D800E86D23 /* ReactiveSwift */,
			);
			productName = GridProject;
			productReference = FA65A0102A80118300D7900E /* GridProject.app */;
			productType = "com.apple.product-type.application";
		};
/* End PBXNativeTarget section */

/* Begin PBXProject section */
		FA65A0082A80118300D7900E /* Project object */ = {
			isa = PBXProject;
			attributes = {
				BuildIndependentTargetsInParallel = 1;
				LastSwiftUpdateCheck = 1420;
				LastUpgradeCheck = 1420;
				TargetAttributes = {
					FA65A00F2A80118300D7900E = {
						CreatedOnToolsVersion = 14.2;
					};
				};
			};
			buildConfigurationList = FA65A00B2A80118300D7900E /* Build configuration list for PBXProject "GridProject" */;
			compatibilityVersion = "Xcode 14.0";
			developmentRegion = en;
			hasScannedForEncodings = 0;
			knownRegions = (
				en,
				Base,
			);
			mainGroup = FA65A0072A80118300D7900E;
			packageReferences = (
				FA577AD12AA315D800E86D23 /* XCRemoteSwiftPackageReference "ReactiveSwift" */,
			);
			productRefGroup = FA65A0112A80118300D7900E /* Products */;
			projectDirPath = "";
			projectRoot = "";
			targets = (
				FA65A00F2A80118300D7900E /* GridProject */,
			);
		};
/* End PBXProject section */

/* Begin PBXResourcesBuildPhase section */
		FA65A00E2A80118300D7900E /* Resources */ = {
			isa = PBXResourcesBuildPhase;
			buildActionMask = 2147483647;
			files = (
				FA65A01B2A80118400D7900E /* Preview Assets.xcassets in Resources */,
				FA65A0182A80118400D7900E /* Assets.xcassets in Resources */,
			);
			runOnlyForDeploymentPostprocessing = 0;
		};
/* End PBXResourcesBuildPhase section */

/* Begin PBXSourcesBuildPhase section */
		FA65A00C2A80118300D7900E /* Sources */ = {
			isa = PBXSourcesBuildPhase;
			buildActionMask = 2147483647;
			files = (
				FA15F5E62AA8E0D800568BB9 /* TestView.swift in Sources */,
				FA65A0162A80118300D7900E /* DashBoardViewController.swift in Sources */,
				FA11DDEF2A9A7DC0006ADB29 /* FavoritesViewController.swift in Sources */,
				FAFF2C922A9BCA79008C2CC3 /* DetailViewController.swift in Sources */,
				FAFF2C902A9B7DC4008C2CC3 /* ListViewController.swift in Sources */,
				FAFF30822AA10D460085B7FC /* ImageDownloader.swift in Sources */,
				FA65A0142A80118300D7900E /* GridProjectApp.swift in Sources */,
			);
			runOnlyForDeploymentPostprocessing = 0;
		};
/* End PBXSourcesBuildPhase section */

/* Begin XCBuildConfiguration section */
		FA65A01C2A80118400D7900E /* Debug */ = {
			isa = XCBuildConfiguration;
			buildSettings = {
				ALWAYS_SEARCH_USER_PATHS = NO;
				CLANG_ANALYZER_NONNULL = YES;
				CLANG_ANALYZER_NUMBER_OBJECT_CONVERSION = YES_AGGRESSIVE;
				CLANG_CXX_LANGUAGE_STANDARD = "gnu++20";
				CLANG_ENABLE_MODULES = YES;
				CLANG_ENABLE_OBJC_ARC = YES;
				CLANG_ENABLE_OBJC_WEAK = YES;
				CLANG_WARN_BLOCK_CAPTURE_AUTORELEASING = YES;
				CLANG_WARN_BOOL_CONVERSION = YES;
				CLANG_WARN_COMMA = YES;
				CLANG_WARN_CONSTANT_CONVERSION = YES;
				CLANG_WARN_DEPRECATED_OBJC_IMPLEMENTATIONS = YES;
				CLANG_WARN_DIRECT_OBJC_ISA_USAGE = YES_ERROR;
				CLANG_WARN_DOCUMENTATION_COMMENTS = YES;
				CLANG_WARN_EMPTY_BODY = YES;
				CLANG_WARN_ENUM_CONVERSION = YES;
				CLANG_WARN_INFINITE_RECURSION = YES;
				CLANG_WARN_INT_CONVERSION = YES;
				CLANG_WARN_NON_LITERAL_NULL_CONVERSION = YES;
				CLANG_WARN_OBJC_IMPLICIT_RETAIN_SELF = YES;
				CLANG_WARN_OBJC_LITERAL_CONVERSION = YES;
				CLANG_WARN_OBJC_ROOT_CLASS = YES_ERROR;
				CLANG_WARN_QUOTED_INCLUDE_IN_FRAMEWORK_HEADER = YES;
				CLANG_WARN_RANGE_LOOP_ANALYSIS = YES;
				CLANG_WARN_STRICT_PROTOTYPES = YES;
				CLANG_WARN_SUSPICIOUS_MOVE = YES;
				CLANG_WARN_UNGUARDED_AVAILABILITY = YES_AGGRESSIVE;
				CLANG_WARN_UNREACHABLE_CODE = YES;
				CLANG_WARN__DUPLICATE_METHOD_MATCH = YES;
				COPY_PHASE_STRIP = NO;
				DEBUG_INFORMATION_FORMAT = dwarf;
				ENABLE_STRICT_OBJC_MSGSEND = YES;
				ENABLE_TESTABILITY = YES;
				GCC_C_LANGUAGE_STANDARD = gnu11;
				GCC_DYNAMIC_NO_PIC = NO;
				GCC_NO_COMMON_BLOCKS = YES;
				GCC_OPTIMIZATION_LEVEL = 0;
				GCC_PREPROCESSOR_DEFINITIONS = (
					"DEBUG=1",
					"$(inherited)",
				);
				GCC_WARN_64_TO_32_BIT_CONVERSION = YES;
				GCC_WARN_ABOUT_RETURN_TYPE = YES_ERROR;
				GCC_WARN_UNDECLARED_SELECTOR = YES;
				GCC_WARN_UNINITIALIZED_AUTOS = YES_AGGRESSIVE;
				GCC_WARN_UNUSED_FUNCTION = YES;
				GCC_WARN_UNUSED_VARIABLE = YES;
				IPHONEOS_DEPLOYMENT_TARGET = 16.2;
				MTL_ENABLE_DEBUG_INFO = INCLUDE_SOURCE;
				MTL_FAST_MATH = YES;
				ONLY_ACTIVE_ARCH = YES;
				SDKROOT = iphoneos;
				SWIFT_ACTIVE_COMPILATION_CONDITIONS = DEBUG;
				SWIFT_OPTIMIZATION_LEVEL = "-Onone";
			};
			name = Debug;
		};
		FA65A01D2A80118400D7900E /* Release */ = {
			isa = XCBuildConfiguration;
			buildSettings = {
				ALWAYS_SEARCH_USER_PATHS = NO;
				CLANG_ANALYZER_NONNULL = YES;
				CLANG_ANALYZER_NUMBER_OBJECT_CONVERSION = YES_AGGRESSIVE;
				CLANG_CXX_LANGUAGE_STANDARD = "gnu++20";
				CLANG_ENABLE_MODULES = YES;
				CLANG_ENABLE_OBJC_ARC = YES;
				CLANG_ENABLE_OBJC_WEAK = YES;
				CLANG_WARN_BLOCK_CAPTURE_AUTORELEASING = YES;
				CLANG_WARN_BOOL_CONVERSION = YES;
				CLANG_WARN_COMMA = YES;
				CLANG_WARN_CONSTANT_CONVERSION = YES;
				CLANG_WARN_DEPRECATED_OBJC_IMPLEMENTATIONS = YES;
				CLANG_WARN_DIRECT_OBJC_ISA_USAGE = YES_ERROR;
				CLANG_WARN_DOCUMENTATION_COMMENTS = YES;
				CLANG_WARN_EMPTY_BODY = YES;
				CLANG_WARN_ENUM_CONVERSION = YES;
				CLANG_WARN_INFINITE_RECURSION = YES;
				CLANG_WARN_INT_CONVERSION = YES;
				CLANG_WARN_NON_LITERAL_NULL_CONVERSION = YES;
				CLANG_WARN_OBJC_IMPLICIT_RETAIN_SELF = YES;
				CLANG_WARN_OBJC_LITERAL_CONVERSION = YES;
				CLANG_WARN_OBJC_ROOT_CLASS = YES_ERROR;
				CLANG_WARN_QUOTED_INCLUDE_IN_FRAMEWORK_HEADER = YES;
				CLANG_WARN_RANGE_LOOP_ANALYSIS = YES;
				CLANG_WARN_STRICT_PROTOTYPES = YES;
				CLANG_WARN_SUSPICIOUS_MOVE = YES;
				CLANG_WARN_UNGUARDED_AVAILABILITY = YES_AGGRESSIVE;
				CLANG_WARN_UNREACHABLE_CODE = YES;
				CLANG_WARN__DUPLICATE_METHOD_MATCH = YES;
				COPY_PHASE_STRIP = NO;
				DEBUG_INFORMATION_FORMAT = "dwarf-with-dsym";
				ENABLE_NS_ASSERTIONS = NO;
				ENABLE_STRICT_OBJC_MSGSEND = YES;
				GCC_C_LANGUAGE_STANDARD = gnu11;
				GCC_NO_COMMON_BLOCKS = YES;
				GCC_WARN_64_TO_32_BIT_CONVERSION = YES;
				GCC_WARN_ABOUT_RETURN_TYPE = YES_ERROR;
				GCC_WARN_UNDECLARED_SELECTOR = YES;
				GCC_WARN_UNINITIALIZED_AUTOS = YES_AGGRESSIVE;
				GCC_WARN_UNUSED_FUNCTION = YES;
				GCC_WARN_UNUSED_VARIABLE = YES;
				IPHONEOS_DEPLOYMENT_TARGET = 16.2;
				MTL_ENABLE_DEBUG_INFO = NO;
				MTL_FAST_MATH = YES;
				SDKROOT = iphoneos;
				SWIFT_COMPILATION_MODE = wholemodule;
				SWIFT_OPTIMIZATION_LEVEL = "-O";
				VALIDATE_PRODUCT = YES;
			};
			name = Release;
		};
		FA65A01F2A80118400D7900E /* Debug */ = {
			isa = XCBuildConfiguration;
			buildSettings = {
				ASSETCATALOG_COMPILER_APPICON_NAME = AppIcon;
				ASSETCATALOG_COMPILER_GLOBAL_ACCENT_COLOR_NAME = AccentColor;
				CODE_SIGN_STYLE = Automatic;
				CURRENT_PROJECT_VERSION = 1;
				DEVELOPMENT_ASSET_PATHS = "\"GridProject/Preview Content\"";
				ENABLE_PREVIEWS = YES;
				GENERATE_INFOPLIST_FILE = YES;
				INFOPLIST_KEY_UIApplicationSceneManifest_Generation = YES;
				INFOPLIST_KEY_UIApplicationSupportsIndirectInputEvents = YES;
				INFOPLIST_KEY_UILaunchScreen_Generation = YES;
				INFOPLIST_KEY_UISupportedInterfaceOrientations_iPad = "UIInterfaceOrientationPortrait UIInterfaceOrientationPortraitUpsideDown UIInterfaceOrientationLandscapeLeft UIInterfaceOrientationLandscapeRight";
				INFOPLIST_KEY_UISupportedInterfaceOrientations_iPhone = "UIInterfaceOrientationPortrait UIInterfaceOrientationLandscapeLeft UIInterfaceOrientationLandscapeRight";
				LD_RUNPATH_SEARCH_PATHS = (
					"$(inherited)",
					"@executable_path/Frameworks",
				);
				MARKETING_VERSION = 1.0;
				PRODUCT_BUNDLE_IDENTIFIER = rakib.GridProject;
				PRODUCT_NAME = "$(TARGET_NAME)";
				SWIFT_EMIT_LOC_STRINGS = YES;
				SWIFT_VERSION = 5.0;
				TARGETED_DEVICE_FAMILY = "1,2";
			};
			name = Debug;
		};
		FA65A0202A80118400D7900E /* Release */ = {
			isa = XCBuildConfiguration;
			buildSettings = {
				ASSETCATALOG_COMPILER_APPICON_NAME = AppIcon;
				ASSETCATALOG_COMPILER_GLOBAL_ACCENT_COLOR_NAME = AccentColor;
				CODE_SIGN_STYLE = Automatic;
				CURRENT_PROJECT_VERSION = 1;
				DEVELOPMENT_ASSET_PATHS = "\"GridProject/Preview Content\"";
				ENABLE_PREVIEWS = YES;
				GENERATE_INFOPLIST_FILE = YES;
				INFOPLIST_KEY_UIApplicationSceneManifest_Generation = YES;
				INFOPLIST_KEY_UIApplicationSupportsIndirectInputEvents = YES;
				INFOPLIST_KEY_UILaunchScreen_Generation = YES;
				INFOPLIST_KEY_UISupportedInterfaceOrientations_iPad = "UIInterfaceOrientationPortrait UIInterfaceOrientationPortraitUpsideDown UIInterfaceOrientationLandscapeLeft UIInterfaceOrientationLandscapeRight";
				INFOPLIST_KEY_UISupportedInterfaceOrientations_iPhone = "UIInterfaceOrientationPortrait UIInterfaceOrientationLandscapeLeft UIInterfaceOrientationLandscapeRight";
				LD_RUNPATH_SEARCH_PATHS = (
					"$(inherited)",
					"@executable_path/Frameworks",
				);
				MARKETING_VERSION = 1.0;
				PRODUCT_BUNDLE_IDENTIFIER = rakib.GridProject;
				PRODUCT_NAME = "$(TARGET_NAME)";
				SWIFT_EMIT_LOC_STRINGS = YES;
				SWIFT_VERSION = 5.0;
				TARGETED_DEVICE_FAMILY = "1,2";
			};
			name = Release;
		};
/* End XCBuildConfiguration section */

/* Begin XCConfigurationList section */
		FA65A00B2A80118300D7900E /* Build configuration list for PBXProject "GridProject" */ = {
			isa = XCConfigurationList;
			buildConfigurations = (
				FA65A01C2A80118400D7900E /* Debug */,
				FA65A01D2A80118400D7900E /* Release */,
			);
			defaultConfigurationIsVisible = 0;
			defaultConfigurationName = Release;
		};
		FA65A01E2A80118400D7900E /* Build configuration list for PBXNativeTarget "GridProject" */ = {
			isa = XCConfigurationList;
			buildConfigurations = (
				FA65A01F2A80118400D7900E /* Debug */,
				FA65A0202A80118400D7900E /* Release */,
			);
			defaultConfigurationIsVisible = 0;
			defaultConfigurationName = Release;
		};
/* End XCConfigurationList section */

/* Begin XCRemoteSwiftPackageReference section */
		FA577AD12AA315D800E86D23 /* XCRemoteSwiftPackageReference "ReactiveSwift" */ = {
			isa = XCRemoteSwiftPackageReference;
			repositoryURL = "https://github.com/ReactiveCocoa/ReactiveSwift";
			requirement = {
				kind = upToNextMajorVersion;
				minimumVersion = 7.0.0;
			};
		};
/* End XCRemoteSwiftPackageReference section */

/* Begin XCSwiftPackageProductDependency section */
		FA577AD22AA315D800E86D23 /* ReactiveSwift */ = {
			isa = XCSwiftPackageProductDependency;
			package = FA577AD12AA315D800E86D23 /* XCRemoteSwiftPackageReference "ReactiveSwift" */;
			productName = ReactiveSwift;
		};
/* End XCSwiftPackageProductDependency section */
	};
	rootObject = FA65A0082A80118300D7900E /* Project object */;
}
